
Microsoft Visual Studio Solution File, Format Version 12.00
# Visual Studio 15
VisualStudioVersion = 15.0.28307.136
MinimumVisualStudioVersion = 10.0.40219.1
Project("{FAE04EC0-301F-11D3-BF4B-00C04F79EFBC}") = "20181210_TCPIP_Winforms", "20181210_TCPIP_Winforms\20181210_TCPIP_Winforms.csproj", "{B894DAAC-62A7-493F-A1BB-CA6DD57CC2A8}"
EndProject
Global
	GlobalSection(SolutionConfigurationPlatforms) = preSolution
		Debug|Any CPU = Debug|Any CPU
		Release|Any CPU = Release|Any CPU
	EndGlobalSection
	GlobalSection(ProjectConfigurationPlatforms) = postSolution
		{B894DAAC-62A7-493F-A1BB-CA6DD57CC2A8}.Debug|Any CPU.ActiveCfg = Debug|Any CPU
		{B894DAAC-62A7-493F-A1BB-CA6DD57CC2A8}.Debug|Any CPU.Build.0 = Debug|Any CPU
		{B894DAAC-62A7-493F-A1BB-CA6DD57CC2A8}.Release|Any CPU.ActiveCfg = Release|Any CPU
		{B894DAAC-62A7-493F-A1BB-CA6DD57CC2A8}.Release|Any CPU.Build.0 = Release|Any CPU
	EndGlobalSection
	GlobalSection(SolutionProperties) = preSolution
		HideSolutionNode = FALSE
	EndGlobalSection
	GlobalSection(ExtensibilityGlobals) = postSolution
		SolutionGuid = {1BA334DA-890D-4E7D-B9BD-643E3F4E53E2}
	EndGlobalSection
EndGlobal
